
Microsoft Visual Studio Solution File, Format Version 12.00
# Visual Studio Version 17
VisualStudioVersion = 17.6.33723.286
MinimumVisualStudioVersion = 10.0.40219.1
Project("{FAE04EC0-301F-11D3-BF4B-00C04F79EFBC}") = "3DModels", "3DModels\3DModels.csproj", "{8D63CB20-C0E8-496A-B7BE-759175E529C2}"
EndProject
Global
	GlobalSection(SolutionConfigurationPlatforms) = preSolution
		Debug|Any CPU = Debug|Any CPU
		Release|Any CPU = Release|Any CPU
	EndGlobalSection
	GlobalSection(ProjectConfigurationPlatforms) = postSolution
		{8D63CB20-C0E8-496A-B7BE-759175E529C2}.Debug|Any CPU.ActiveCfg = Debug|Any CPU
		{8D63CB20-C0E8-496A-B7BE-759175E529C2}.Debug|Any CPU.Build.0 = Debug|Any CPU
		{8D63CB20-C0E8-496A-B7BE-759175E529C2}.Release|Any CPU.ActiveCfg = Release|Any CPU
		{8D63CB20-C0E8-496A-B7BE-759175E529C2}.Release|Any CPU.Build.0 = Release|Any CPU
	EndGlobalSection
	GlobalSection(SolutionProperties) = preSolution
		HideSolutionNode = FALSE
	EndGlobalSection
	GlobalSection(ExtensibilityGlobals) = postSolution
		SolutionGuid = {260579FC-11A9-41A9-8ED3-B719098E89CF}
	EndGlobalSection
EndGlobal
